
Microsoft Visual Studio Solution File, Format Version 12.00
# Visual Studio Version 17
VisualStudioVersion = 17.5.33516.290
MinimumVisualStudioVersion = 10.0.40219.1
Project("{FAE04EC0-301F-11D3-BF4B-00C04F79EFBC}") = "H3-Math", "H3-Math\H3-Math.csproj", "{ECC1F10A-7779-47BA-B437-541FB340AC45}"
EndProject
Global
	GlobalSection(SolutionConfigurationPlatforms) = preSolution
		Debug|Any CPU = Debug|Any CPU
		Release|Any CPU = Release|Any CPU
	EndGlobalSection
	GlobalSection(ProjectConfigurationPlatforms) = postSolution
		{ECC1F10A-7779-47BA-B437-541FB340AC45}.Debug|Any CPU.ActiveCfg = Debug|Any CPU
		{ECC1F10A-7779-47BA-B437-541FB340AC45}.Debug|Any CPU.Build.0 = Debug|Any CPU
		{ECC1F10A-7779-47BA-B437-541FB340AC45}.Release|Any CPU.ActiveCfg = Release|Any CPU
		{ECC1F10A-7779-47BA-B437-541FB340AC45}.Release|Any CPU.Build.0 = Release|Any CPU
	EndGlobalSection
	GlobalSection(SolutionProperties) = preSolution
		HideSolutionNode = FALSE
	EndGlobalSection
	GlobalSection(ExtensibilityGlobals) = postSolution
		SolutionGuid = {69CE0466-BAC9-4AE2-9345-2CC21C2CFAC1}
	EndGlobalSection
EndGlobal
